github.com/ExploratoryEngineering/logging v0.0.0-20181106085733-dcb8702a004e h1:O7OjyupeGg0n3dfiSMUrp1P76DmtdrJHk+g/EMuijMI=
github.com/ExploratoryEngineering/logging v0.0.0-20181106085733-dcb8702a004e/go.mod h1:kT1WQ+ilTCL84XXFGxG4QGnGgiimexLTFRtnn+zuND0=
github.com/ExploratoryEngineering/pubsub v1.0.2 h1:SmDYe2dPpbuJNGEYQmanyQI1mG5H/Xm6ImjL01TxMeQ=
github.com/ExploratoryEngineering/pubsub v1.0.2/go.mod h1:MFzjBeECQdVGXv5c9trU47Ga1fheq3fLgPqqMA/hwRU=
github.com/ExploratoryEngineering/rest v1.0.1 h1:akjog1i3KNKbBwhZ8KDxoUkImWlPOGGKFRwM/aQ3xyc=
github.com/ExploratoryEngineering/rest v1.0.1/go.mod h1:BMIGegehBfv1aSbg5LZYexs+h1d9/jfFSsnZPJtMHU0=
github.com/eclipse/paho.mqtt.golang v1.4.1 h1:tUSpviiL5G3P9SZZJPC4ZULZJsxQKXxfENpMvdbAXAI=
github.com/eclipse/paho.mqtt.golang v1.4.1/go.mod h1:JGt0RsEwEX+Xa/agj90YJ9d9DH2b7upDZMK9HRbFvCA=
github.com/gorilla/websocket v1.4.2 h1:+/TMaTYc4QFitKJxsQ7Yye35DkWvkdLcvGKqM+x0Ufc=
github.com/gorilla/websocket v1.4.2/go.mod h1:YR8l580nyteQvAITg2hZ9XVh4b55+EU/adAjf1fMHhE=
github.com/lib/pq v1.10.7 h1:p7ZhMD+KsSRozJr34udlUrhboJwWAgCg34+/ZZNvZZw=
github.com/lib/pq v1.10.7/go.mod h1:AlVN5x4E4T544tWzH6hKfbfQvm3HdbOxrmggDNAPY9o=
github.com/mattn/go-runewidth v0.0.9 h1:Lm995f3rfxdpd6TSmuVCHVb/QhupuXlYr8sCI/QdE+0=
github.com/mattn/go-runewidth v0.0.9/go.mod h1:H031xJmbD/WCDINGzjvQ9THkh0rPKHF+m2gUSrubnMI=
github.com/nsf/termbox-go v1.1.1 h1:nksUPLCb73Q++DwbYUBEglYBRPZyoXJdrj5L+TkjyZY=
github.com/nsf/termbox-go v1.1.1/go.mod h1:T0cTdVuOwf7pHQNtfhnEbzHbcNyCEcVU4YPpouCbVxo=
github.com/telenordigital/lassie-go v0.0.0-20180108164540-faedfc6c8016 h1:QZSCoW2VmHaD4Sr2FBvgLTHIhZY+WbhujoVMV23Bt6I=
github.com/telenordigital/lassie-go v0.0.0-20180108164540-faedfc6c8016/go.mod h1:CBzHlT7vRoeKiZ1Zc/HOVMw351edxxXmaNcPmi6xINo=
golang.org/x/crypto v0.0.0-20190308221718-c2843e01d9a2/go.mod h1:djNgcEr1/C05ACkg1iLfiJU5Ep61QUkGW8qpdssI0+w=
golang.org/x/crypto v0.0.0-20220926161630-eccd6366d1be h1:fmw3UbQh+nxngCAHrDCCztao/kbYFnWjoqop8dHx05A=
golang.org/x/crypto v0.0.0-20220926161630-eccd6366d1be/go.mod h1:IxCIyHEi3zRg3s0A5j5BB6A9Jmi73HwBIUl50j+osU4=
golang.org/x/net v0.0.0-20200425230154-ff2c4b7c35a0/go.mod h1:qpuaurCH72eLCgpAm/N6yyVIVM9cpaDIP3A8BGJEC5A=
golang.org/x/net v0.0.0-20200602114024-627f9648deb9/go.mod h1:qpuaurCH72eLCgpAm/N6yyVIVM9cpaDIP3A8BGJEC5A=
golang.org/x/net v0.0.0-20220926192436-02166a98028e h1:I51lVG9ykW5AQeTE50sJ0+gJCAF0J78Hf1+1VUCGxDI=
golang.org/x/net v0.0.0-20220926192436-02166a98028e/go.mod h1:YDH+HFinaLZZlnHAfSS6ZXJJ9M9t4Dl22yv3iI2vPwk=
golang.org/x/sync v0.0.0-20210220032951-036812b2e83c h1:5KslGYwFpkhGh+Q16bwMP3cOontH8FOep7tGV86Y7SQ=
golang.org/x/sync v0.0.0-20210220032951-036812b2e83c/go.mod h1:RxMgew5VJxzue5/jJTE5uejpjVlOe/izrB70Jof72aM=
golang.org/x/sys v0.0.0-20190215142949-d0b11bdaac8a/go.mod h1:STP8DvDyc/dI5b8T5hshtkjS+E42TnysNCUPdjciGhY=
golang.org/x/sys v0.0.0-20200323222414-85ca7c5b95cd/go.mod h1:h1NjWce9XRLGQEsW7wpKNCjG9DtNlClVuFLEZdDNbEs=
golang.org/x/text v0.3.0/go.mod h1:NqM8EUOU14njkJ3fqMW+pc6Ldnwhi/IjpwHt7yyuwOQ=
golang.org/x/text v0.3.7 h1:olpwvP2KacW1ZWvsR7uQhoyTYvKAupfQrRGBFM352Gk=
golang.org/x/text v0.3.7/go.mod h1:u+2+/6zg+i71rQMx5EYifcz6MCKuco9NR6JIITiCfzQ=
